
Microsoft Visual Studio Solution File, Format Version 12.00
# Visual Studio 15
Project("{FAE04EC0-301F-11D3-BF4B-00C04F79EFBC}") = "Assembly-CSharp", "Assembly-CSharp.csproj", "{18C3FA19-A935-28D7-110C-EA9C4FE7F2F6}"
EndProject
Project("{FAE04EC0-301F-11D3-BF4B-00C04F79EFBC}") = "Assembly-CSharp-firstpass", "Assembly-CSharp-firstpass.csproj", "{4435EA48-30F8-B3F0-DBDB-9DCF70A18C33}"
EndProject
Project("{FAE04EC0-301F-11D3-BF4B-00C04F79EFBC}") = "Assembly-CSharp-Editor", "Assembly-CSharp-Editor.csproj", "{405BFB96-DA66-A4E0-8A61-77595301F660}"
EndProject
Global
	GlobalSection(SolutionConfigurationPlatforms) = preSolution
		Debug|Any CPU = Debug|Any CPU
		Release|Any CPU = Release|Any CPU
	EndGlobalSection
	GlobalSection(ProjectConfigurationPlatforms) = postSolution
		{18C3FA19-A935-28D7-110C-EA9C4FE7F2F6}.Debug|Any CPU.ActiveCfg = Debug|Any CPU
		{18C3FA19-A935-28D7-110C-EA9C4FE7F2F6}.Debug|Any CPU.Build.0 = Debug|Any CPU
		{18C3FA19-A935-28D7-110C-EA9C4FE7F2F6}.Release|Any CPU.ActiveCfg = Release|Any CPU
		{18C3FA19-A935-28D7-110C-EA9C4FE7F2F6}.Release|Any CPU.Build.0 = Release|Any CPU
		{4435EA48-30F8-B3F0-DBDB-9DCF70A18C33}.Debug|Any CPU.ActiveCfg = Debug|Any CPU
		{4435EA48-30F8-B3F0-DBDB-9DCF70A18C33}.Debug|Any CPU.Build.0 = Debug|Any CPU
		{4435EA48-30F8-B3F0-DBDB-9DCF70A18C33}.Release|Any CPU.ActiveCfg = Release|Any CPU
		{4435EA48-30F8-B3F0-DBDB-9DCF70A18C33}.Release|Any CPU.Build.0 = Release|Any CPU
		{405BFB96-DA66-A4E0-8A61-77595301F660}.Debug|Any CPU.ActiveCfg = Debug|Any CPU
		{405BFB96-DA66-A4E0-8A61-77595301F660}.Debug|Any CPU.Build.0 = Debug|Any CPU
		{405BFB96-DA66-A4E0-8A61-77595301F660}.Release|Any CPU.ActiveCfg = Release|Any CPU
		{405BFB96-DA66-A4E0-8A61-77595301F660}.Release|Any CPU.Build.0 = Release|Any CPU
	EndGlobalSection
	GlobalSection(SolutionProperties) = preSolution
		HideSolutionNode = FALSE
	EndGlobalSection
EndGlobal
